<?xml version="1.0" encoding="utf-8"?>
<Project ToolsVersion="4.0" xmlns="http://schemas.microsoft.com/developer/msbuild/2003">
  <ItemGroup>
    <Filter Include="Source Files">
      <UniqueIdentifier>{4FC737F1-C7A5-4376-A066-2A32D752A2FF}</UniqueIdentifier>
      <Extensions>cpp;c;cc;cxx;def;odl;idl;hpj;bat;asm;asmx</Extensions>
    </Filter>
    <Filter Include="Header Files">
      <UniqueIdentifier>{93995380-89BD-4b04-88EB-625FBE52EBFB}</UniqueIdentifier>
      <Extensions>h;hpp;hxx;hm;inl;inc;xsd</Extensions>
    </Filter>
    <Filter Include="Resource Files">
      <UniqueIdentifier>{67DA6AB6-F800-4c08-8B7A-83BB121AAD01}</UniqueIdentifier>
      <Extensions>rc;ico;cur;bmp;dlg;rc2;rct;bin;rgs;gif;jpg;jpeg;jpe;resx;tiff;tif;png;wav;mfcribbon-ms</Extensions>
    </Filter>
    <Filter Include="Source Files\Forms">
      <UniqueIdentifier>{910bc14a-96ce-44d1-b934-fca068801bc3}</UniqueIdentifier>
    </Filter>
  </ItemGroup>
  <ItemGroup>
    <ClInclude Include="..\code_files\include\brg_endian.h">
      <Filter>Header Files</Filter>
    </ClInclude>
    <ClInclude Include="..\code_files\include\brg_types.h">
      <Filter>Header Files</Filter>
    </ClInclude>
    <ClInclude Include="..\code_files\include\copyright.h">
      <Filter>Header Files</Filter>
    </ClInclude>
    <ClInclude Include="..\code_files\include\dab_bytedistrib.h">
      <Filter>Header Files</Filter>
    </ClInclude>
    <ClInclude Include="..\code_files\include\dab_dct.h">
      <Filter>Header Files</Filter>
    </ClInclude>
    <ClInclude Include="..\code_files\include\dab_filltree.h">
      <Filter>Header Files</Filter>
    </ClInclude>
    <ClInclude Include="..\code_files\include\dab_filltree2.h">
      <Filter>Header Files</Filter>
    </ClInclude>
    <ClInclude Include="..\code_files\include\dab_monobit2.h">
      <Filter>Header Files</Filter>
    </ClInclude>
    <ClInclude Include="..\code_files\include\diehard_2dsphere.h">
      <Filter>Header Files</Filter>
    </ClInclude>
    <ClInclude Include="..\code_files\include\diehard_3dsphere.h">
      <Filter>Header Files</Filter>
    </ClInclude>
    <ClInclude Include="..\code_files\include\diehard_birthdays.h">
      <Filter>Header Files</Filter>
    </ClInclude>
    <ClInclude Include="..\code_files\include\diehard_bitstream.h">
      <Filter>Header Files</Filter>
    </ClInclude>
    <ClInclude Include="..\code_files\include\diehard_count_1s_byte.h">
      <Filter>Header Files</Filter>
    </ClInclude>
    <ClInclude Include="..\code_files\include\diehard_count_1s_stream.h">
      <Filter>Header Files</Filter>
    </ClInclude>
    <ClInclude Include="..\code_files\include\diehard_craps.h">
      <Filter>Header Files</Filter>
    </ClInclude>
    <ClInclude Include="..\code_files\include\diehard_dna.h">
      <Filter>Header Files</Filter>
    </ClInclude>
    <ClInclude Include="..\code_files\include\diehard_operm5.h">
      <Filter>Header Files</Filter>
    </ClInclude>
    <ClInclude Include="..\code_files\include\diehard_opso.h">
      <Filter>Header Files</Filter>
    </ClInclude>
    <ClInclude Include="..\code_files\include\diehard_oqso.h">
      <Filter>Header Files</Filter>
    </ClInclude>
    <ClInclude Include="..\code_files\include\diehard_parking_lot.h">
      <Filter>Header Files</Filter>
    </ClInclude>
    <ClInclude Include="..\code_files\include\diehard_rank_6x8.h">
      <Filter>Header Files</Filter>
    </ClInclude>
    <ClInclude Include="..\code_files\include\diehard_rank_32x32.h">
      <Filter>Header Files</Filter>
    </ClInclude>
    <ClInclude Include="..\code_files\include\diehard_runs.h">
      <Filter>Header Files</Filter>
    </ClInclude>
    <ClInclude Include="..\code_files\include\diehard_squeeze.h">
      <Filter>Header Files</Filter>
    </ClInclude>
    <ClInclude Include="..\code_files\include\diehard_sums.h">
      <Filter>Header Files</Filter>
    </ClInclude>
    <ClInclude Include="..\code_files\include\dieharder.h">
      <Filter>Header Files</Filter>
    </ClInclude>
    <ClInclude Include="..\code_files\include\dieharder_rng_types.h">
      <Filter>Header Files</Filter>
    </ClInclude>
    <ClInclude Include="..\code_files\include\dieharder_test_types.h">
      <Filter>Header Files</Filter>
    </ClInclude>
    <ClInclude Include="..\code_files\include\Dtest.h">
      <Filter>Header Files</Filter>
    </ClInclude>
    <ClInclude Include="..\code_files\include\getopt.h">
      <Filter>Header Files</Filter>
    </ClInclude>
    <ClInclude Include="..\code_files\include\libdieharder.h">
      <Filter>Header Files</Filter>
    </ClInclude>
    <ClInclude Include="..\code_files\include\marsaglia_tsang_gcd.h">
      <Filter>Header Files</Filter>
    </ClInclude>
    <ClInclude Include="..\code_files\include\marsaglia_tsang_gorilla.h">
      <Filter>Header Files</Filter>
    </ClInclude>
    <ClInclude Include="..\code_files\include\output.h">
      <Filter>Header Files</Filter>
    </ClInclude>
    <ClInclude Include="..\code_files\include\parse.h">
      <Filter>Header Files</Filter>
    </ClInclude>
    <ClInclude Include="..\code_files\include\rgb_bitdist.h">
      <Filter>Header Files</Filter>
    </ClInclude>
    <ClInclude Include="..\code_files\include\rgb_kstest_test.h">
      <Filter>Header Files</Filter>
    </ClInclude>
    <ClInclude Include="..\code_files\include\rgb_lagged_sums.h">
      <Filter>Header Files</Filter>
    </ClInclude>
    <ClInclude Include="..\code_files\include\rgb_lmn.h">
      <Filter>Header Files</Filter>
    </ClInclude>
    <ClInclude Include="..\code_files\include\rgb_minimum_distance.h">
      <Filter>Header Files</Filter>
    </ClInclude>
    <ClInclude Include="..\code_files\include\rgb_operm.h">
      <Filter>Header Files</Filter>
    </ClInclude>
    <ClInclude Include="..\code_files\include\rgb_permutations.h">
      <Filter>Header Files</Filter>
    </ClInclude>
    <ClInclude Include="..\code_files\include\rgb_persist.h">
      <Filter>Header Files</Filter>
    </ClInclude>
    <ClInclude Include="..\code_files\include\rgb_timing.h">
      <Filter>Header Files</Filter>
    </ClInclude>
    <ClInclude Include="..\code_files\include\rijndael-alg-fst.h">
      <Filter>Header Files</Filter>
    </ClInclude>
    <ClInclude Include="..\code_files\include\skein.h">
      <Filter>Header Files</Filter>
    </ClInclude>
    <ClInclude Include="..\code_files\include\skein_port.h">
      <Filter>Header Files</Filter>
    </ClInclude>
    <ClInclude Include="..\code_files\include\std_test.h">
      <Filter>Header Files</Filter>
    </ClInclude>
    <ClInclude Include="..\code_files\include\sts_monobit.h">
      <Filter>Header Files</Filter>
    </ClInclude>
    <ClInclude Include="..\code_files\include\sts_runs.h">
      <Filter>Header Files</Filter>
    </ClInclude>
    <ClInclude Include="..\code_files\include\sts_serial.h">
      <Filter>Header Files</Filter>
    </ClInclude>
    <ClInclude Include="..\code_files\include\tests.h">
      <Filter>Header Files</Filter>
    </ClInclude>
    <ClInclude Include="..\code_files\include\time_.h">
      <Filter>Header Files</Filter>
    </ClInclude>
    <ClInclude Include="..\code_files\include\unistd.h">
      <Filter>Header Files</Filter>
    </ClInclude>
    <ClInclude Include="..\code_files\include\user_template.h">
      <Filter>Header Files</Filter>
    </ClInclude>
    <ClInclude Include="..\code_files\include\verbose.h">
      <Filter>Header Files</Filter>
    </ClInclude>
    <ClInclude Include="..\code_files\include\Vtest.h">
      <Filter>Header Files</Filter>
    </ClInclude>
    <ClInclude Include="..\code_files\include\Xtest.h">
      <Filter>Header Files</Filter>
    </ClInclude>
    <ClInclude Include="..\code_files\include\snprintf.h">
      <Filter>Header Files</Filter>
    </ClInclude>
    <ClInclude Include="..\code_files\include\static_get_bits.h">
      <Filter>Header Files</Filter>
    </ClInclude>
    <ClInclude Include="MainForm.h">
      <Filter>Source Files\Forms</Filter>
    </ClInclude>
    <ClInclude Include="TableForm.h">
      <Filter>Source Files\Forms</Filter>
    </ClInclude>
    <ClInclude Include="SettingsForm.h">
      <Filter>Source Files\Forms</Filter>
    </ClInclude>
    <ClInclude Include="resource.h">
      <Filter>Header Files</Filter>
    </ClInclude>
    <ClInclude Include="FormAboutDiehard.h">
      <Filter>Source Files\Forms</Filter>
    </ClInclude>
  </ItemGroup>
  <ItemGroup>
    <ClCompile Include="..\code_files\add_ui_rngs.cpp">
      <Filter>Source Files</Filter>
    </ClCompile>
    <ClCompile Include="..\code_files\add_ui_tests.cpp">
      <Filter>Source Files</Filter>
    </ClCompile>
    <ClCompile Include="..\code_files\bits.cpp">
      <Filter>Source Files</Filter>
    </ClCompile>
    <ClCompile Include="..\code_files\chisq.cpp">
      <Filter>Source Files</Filter>
    </ClCompile>
    <ClCompile Include="..\code_files\choose_rng.cpp">
      <Filter>Source Files</Filter>
    </ClCompile>
    <ClCompile Include="..\code_files\countx.cpp">
      <Filter>Source Files</Filter>
    </ClCompile>
    <ClCompile Include="..\code_files\dab_bytedistrib.cpp">
      <Filter>Source Files</Filter>
    </ClCompile>
    <ClCompile Include="..\code_files\dab_dct.cpp">
      <Filter>Source Files</Filter>
    </ClCompile>
    <ClCompile Include="..\code_files\dab_filltree.cpp">
      <Filter>Source Files</Filter>
    </ClCompile>
    <ClCompile Include="..\code_files\dab_filltree2.cpp">
      <Filter>Source Files</Filter>
    </ClCompile>
    <ClCompile Include="..\code_files\dab_monobit2.cpp">
      <Filter>Source Files</Filter>
    </ClCompile>
    <ClCompile Include="..\code_files\diehard_2dsphere.cpp">
      <Filter>Source Files</Filter>
    </ClCompile>
    <ClCompile Include="..\code_files\diehard_3dsphere.cpp">
      <Filter>Source Files</Filter>
    </ClCompile>
    <ClCompile Include="..\code_files\diehard_birthdays.cpp">
      <Filter>Source Files</Filter>
    </ClCompile>
    <ClCompile Include="..\code_files\diehard_bitstream.cpp">
      <Filter>Source Files</Filter>
    </ClCompile>
    <ClCompile Include="..\code_files\diehard_count_1s_byte.cpp">
      <Filter>Source Files</Filter>
    </ClCompile>
    <ClCompile Include="..\code_files\diehard_count_1s_stream.cpp">
      <Filter>Source Files</Filter>
    </ClCompile>
    <ClCompile Include="..\code_files\diehard_craps.cpp">
      <Filter>Source Files</Filter>
    </ClCompile>
    <ClCompile Include="..\code_files\diehard_dna.cpp">
      <Filter>Source Files</Filter>
    </ClCompile>
    <ClCompile Include="..\code_files\diehard_operm5.cpp">
      <Filter>Source Files</Filter>
    </ClCompile>
    <ClCompile Include="..\code_files\diehard_opso.cpp">
      <Filter>Source Files</Filter>
    </ClCompile>
    <ClCompile Include="..\code_files\diehard_oqso.cpp">
      <Filter>Source Files</Filter>
    </ClCompile>
    <ClCompile Include="..\code_files\diehard_parking_lot.cpp">
      <Filter>Source Files</Filter>
    </ClCompile>
    <ClCompile Include="..\code_files\diehard_rank_32x32.cpp">
      <Filter>Source Files</Filter>
    </ClCompile>
    <ClCompile Include="..\code_files\diehard_rank_6x8.cpp">
      <Filter>Source Files</Filter>
    </ClCompile>
    <ClCompile Include="..\code_files\diehard_runs_working.cpp">
      <Filter>Source Files</Filter>
    </ClCompile>
    <ClCompile Include="..\code_files\diehard_squeeze.cpp">
      <Filter>Source Files</Filter>
    </ClCompile>
    <ClCompile Include="..\code_files\diehard_sums.cpp">
      <Filter>Source Files</Filter>
    </ClCompile>
    <ClCompile Include="..\code_files\dieharder.cpp">
      <Filter>Source Files</Filter>
    </ClCompile>
    <ClCompile Include="..\code_files\dieharder_exit.cpp">
      <Filter>Source Files</Filter>
    </ClCompile>
    <ClCompile Include="..\code_files\dieharder_rng_types.cpp">
      <Filter>Source Files</Filter>
    </ClCompile>
    <ClCompile Include="..\code_files\dieharder_test_types.cpp">
      <Filter>Source Files</Filter>
    </ClCompile>
    <ClCompile Include="..\code_files\getopt.cpp">
      <Filter>Source Files</Filter>
    </ClCompile>
    <ClCompile Include="..\code_files\help.cpp">
      <Filter>Source Files</Filter>
    </ClCompile>
    <ClCompile Include="..\code_files\histogram.cpp">
      <Filter>Source Files</Filter>
    </ClCompile>
    <ClCompile Include="..\code_files\kstest.cpp">
      <Filter>Source Files</Filter>
    </ClCompile>
    <ClCompile Include="..\code_files\list_rand.cpp">
      <Filter>Source Files</Filter>
    </ClCompile>
    <ClCompile Include="..\code_files\list_rngs.cpp">
      <Filter>Source Files</Filter>
    </ClCompile>
    <ClCompile Include="..\code_files\list_tests.cpp">
      <Filter>Source Files</Filter>
    </ClCompile>
    <ClCompile Include="..\code_files\marsaglia_tsang_gcd.cpp">
      <Filter>Source Files</Filter>
    </ClCompile>
    <ClCompile Include="..\code_files\marsaglia_tsang_gorilla.cpp">
      <Filter>Source Files</Filter>
    </ClCompile>
    <ClCompile Include="..\code_files\output.cpp">
      <Filter>Source Files</Filter>
    </ClCompile>
    <ClCompile Include="..\code_files\output_rnds.cpp">
      <Filter>Source Files</Filter>
    </ClCompile>
    <ClCompile Include="..\code_files\parse.cpp">
      <Filter>Source Files</Filter>
    </ClCompile>
    <ClCompile Include="..\code_files\parsecl.cpp">
      <Filter>Source Files</Filter>
    </ClCompile>
    <ClCompile Include="..\code_files\prob.cpp">
      <Filter>Source Files</Filter>
    </ClCompile>
    <ClCompile Include="..\code_files\random_seed.cpp">
      <Filter>Source Files</Filter>
    </ClCompile>
    <ClCompile Include="..\code_files\rank.cpp">
      <Filter>Source Files</Filter>
    </ClCompile>
    <ClCompile Include="..\code_files\rdieharder.cpp">
      <Filter>Source Files</Filter>
    </ClCompile>
    <ClCompile Include="..\code_files\rgb_bitdist.cpp">
      <Filter>Source Files</Filter>
    </ClCompile>
    <ClCompile Include="..\code_files\rgb_kstest_test.cpp">
      <Filter>Source Files</Filter>
    </ClCompile>
    <ClCompile Include="..\code_files\rgb_lagged_sums.cpp">
      <Filter>Source Files</Filter>
    </ClCompile>
    <ClCompile Include="..\code_files\rgb_lmn.cpp">
      <Filter>Source Files</Filter>
    </ClCompile>
    <ClCompile Include="..\code_files\rgb_minimum_distance.cpp">
      <Filter>Source Files</Filter>
    </ClCompile>
    <ClCompile Include="..\code_files\rgb_operm.cpp">
      <Filter>Source Files</Filter>
    </ClCompile>
    <ClCompile Include="..\code_files\rgb_permutations.cpp">
      <Filter>Source Files</Filter>
    </ClCompile>
    <ClCompile Include="..\code_files\rgb_persist.cpp">
      <Filter>Source Files</Filter>
    </ClCompile>
    <ClCompile Include="..\code_files\rgb_timing.cpp">
      <Filter>Source Files</Filter>
    </ClCompile>
    <ClCompile Include="..\code_files\rijndael-alg-fst.cpp">
      <Filter>Source Files</Filter>
    </ClCompile>
    <ClCompile Include="..\code_files\rng_aes.cpp">
      <Filter>Source Files</Filter>
    </ClCompile>
    <ClCompile Include="..\code_files\rng_ca.cpp">
      <Filter>Source Files</Filter>
    </ClCompile>
    <ClCompile Include="..\code_files\rng_dev_arandom.cpp">
      <Filter>Source Files</Filter>
    </ClCompile>
    <ClCompile Include="..\code_files\rng_dev_random.cpp">
      <Filter>Source Files</Filter>
    </ClCompile>
    <ClCompile Include="..\code_files\rng_dev_urandom.cpp">
      <Filter>Source Files</Filter>
    </ClCompile>
    <ClCompile Include="..\code_files\rng_empty_random.cpp">
      <Filter>Source Files</Filter>
    </ClCompile>
    <ClCompile Include="..\code_files\rng_file_input.cpp">
      <Filter>Source Files</Filter>
    </ClCompile>
    <ClCompile Include="..\code_files\rng_file_input_raw.cpp">
      <Filter>Source Files</Filter>
    </ClCompile>
    <ClCompile Include="..\code_files\rng_kiss.cpp">
      <Filter>Source Files</Filter>
    </ClCompile>
    <ClCompile Include="..\code_files\rng_stdin_input_raw.cpp">
      <Filter>Source Files</Filter>
    </ClCompile>
    <ClCompile Include="..\code_files\rng_superkiss.cpp">
      <Filter>Source Files</Filter>
    </ClCompile>
    <ClCompile Include="..\code_files\rng_threefish.cpp">
      <Filter>Source Files</Filter>
    </ClCompile>
    <ClCompile Include="..\code_files\rng_uvag.cpp">
      <Filter>Source Files</Filter>
    </ClCompile>
    <ClCompile Include="..\code_files\rng_XOR.cpp">
      <Filter>Source Files</Filter>
    </ClCompile>
    <ClCompile Include="..\code_files\rngav.cpp">
      <Filter>Source Files</Filter>
    </ClCompile>
    <ClCompile Include="..\code_files\rngs_gnu_r.cpp">
      <Filter>Source Files</Filter>
    </ClCompile>
    <ClCompile Include="..\code_files\run_all_tests.cpp">
      <Filter>Source Files</Filter>
    </ClCompile>
    <ClCompile Include="..\code_files\run_test.cpp">
      <Filter>Source Files</Filter>
    </ClCompile>
    <ClCompile Include="..\code_files\sample.cpp">
      <Filter>Source Files</Filter>
    </ClCompile>
    <ClCompile Include="..\code_files\set_globals.cpp">
      <Filter>Source Files</Filter>
    </ClCompile>
    <ClCompile Include="..\code_files\skein_block64.cpp">
      <Filter>Source Files</Filter>
    </ClCompile>
    <ClCompile Include="..\code_files\skein_block_ref.cpp">
      <Filter>Source Files</Filter>
    </ClCompile>
    <ClCompile Include="..\code_files\skein_port.cpp">
      <Filter>Source Files</Filter>
    </ClCompile>
    <ClCompile Include="..\code_files\static_get_bits.cpp">
      <Filter>Source Files</Filter>
    </ClCompile>
    <ClCompile Include="..\code_files\std_test.cpp">
      <Filter>Source Files</Filter>
    </ClCompile>
    <ClCompile Include="..\code_files\sts_monobit.cpp">
      <Filter>Source Files</Filter>
    </ClCompile>
    <ClCompile Include="..\code_files\sts_runs.cpp">
      <Filter>Source Files</Filter>
    </ClCompile>
    <ClCompile Include="..\code_files\sts_serial.cpp">
      <Filter>Source Files</Filter>
    </ClCompile>
    <ClCompile Include="..\code_files\testbits.cpp">
      <Filter>Source Files</Filter>
    </ClCompile>
    <ClCompile Include="..\code_files\time_.cpp">
      <Filter>Source Files</Filter>
    </ClCompile>
    <ClCompile Include="..\code_files\time_rng.cpp">
      <Filter>Source Files</Filter>
    </ClCompile>
    <ClCompile Include="..\code_files\timing.cpp">
      <Filter>Source Files</Filter>
    </ClCompile>
    <ClCompile Include="..\code_files\user_template.cpp">
      <Filter>Source Files</Filter>
    </ClCompile>
    <ClCompile Include="..\code_files\version.cpp">
      <Filter>Source Files</Filter>
    </ClCompile>
    <ClCompile Include="..\code_files\Vtest.cpp">
      <Filter>Source Files</Filter>
    </ClCompile>
    <ClCompile Include="..\code_files\Xtest.cpp">
      <Filter>Source Files</Filter>
    </ClCompile>
    <ClCompile Include="..\code_files\libdieharder.cpp">
      <Filter>Source Files</Filter>
    </ClCompile>
    <ClCompile Include="MainForm.cpp">
      <Filter>Source Files\Forms</Filter>
    </ClCompile>
    <ClCompile Include="TableForm.cpp">
      <Filter>Source Files\Forms</Filter>
    </ClCompile>
    <ClCompile Include="SettingsForm.cpp">
      <Filter>Source Files\Forms</Filter>
    </ClCompile>
  </ItemGroup>
  <ItemGroup>
    <EmbeddedResource Include="MainForm.resx">
      <Filter>Resource Files</Filter>
    </EmbeddedResource>
    <EmbeddedResource Include="TableForm.resx">
      <Filter>Resource Files</Filter>
    </EmbeddedResource>
    <EmbeddedResource Include="SettingsForm.resx">
      <Filter>Resource Files</Filter>
    </EmbeddedResource>
    <EmbeddedResource Include="FormAboutDiehard.resx">
      <Filter>Source Files\Forms</Filter>
    </EmbeddedResource>
    <EmbeddedResource Include="en-US.resx">
      <Filter>Resource Files</Filter>
    </EmbeddedResource>
    <EmbeddedResource Include="ru-RU.resx">
      <Filter>Resource Files</Filter>
    </EmbeddedResource>
    <EmbeddedResource Include="uk-UA.resx">
      <Filter>Resource Files</Filter>
    </EmbeddedResource>
    <EmbeddedResource Include="MainForm.en-US.resx">
      <Filter>Resource Files</Filter>
    </EmbeddedResource>
    <EmbeddedResource Include="MainForm.ru-RU.resx">
      <Filter>Resource Files</Filter>
    </EmbeddedResource>
    <EmbeddedResource Include="MainForm.uk-UA.resx">
      <Filter>Resource Files</Filter>
    </EmbeddedResource>
  </ItemGroup>
  <ItemGroup>
    <ResourceCompile Include="Diehard.rc">
      <Filter>Resource Files</Filter>
    </ResourceCompile>
  </ItemGroup>
  <ItemGroup>
    <Image Include="Icons8-Ios7-Plants-Oak-Nut.ico">
      <Filter>Resource Files</Filter>
    </Image>
  </ItemGroup>
</Project>